
Microsoft Visual Studio Solution File, Format Version 12.00
# Visual Studio Version 17
VisualStudioVersion = 17.3.32922.545
MinimumVisualStudioVersion = 10.0.40219.1
Project("{FAE04EC0-301F-11D3-BF4B-00C04F79EFBC}") = "FLab", "FLab\FLab.csproj", "{1E7A891C-E642-4FEB-B1E0-83B6133442A2}"
EndProject
Project("{FAE04EC0-301F-11D3-BF4B-00C04F79EFBC}") = "DAL", "DAL\DAL.csproj", "{2142E76D-B30D-4EF5-98CA-6A7CB7B08CAC}"
EndProject
Project("{FAE04EC0-301F-11D3-BF4B-00C04F79EFBC}") = "BLL", "BLL\BLL.csproj", "{3E67B7B3-A250-4336-9AF6-A9893C1F60D5}"
EndProject
Global
	GlobalSection(SolutionConfigurationPlatforms) = preSolution
		Debug|Any CPU = Debug|Any CPU
		Release|Any CPU = Release|Any CPU
	EndGlobalSection
	GlobalSection(ProjectConfigurationPlatforms) = postSolution
		{1E7A891C-E642-4FEB-B1E0-83B6133442A2}.Debug|Any CPU.ActiveCfg = Debug|Any CPU
		{1E7A891C-E642-4FEB-B1E0-83B6133442A2}.Debug|Any CPU.Build.0 = Debug|Any CPU
		{1E7A891C-E642-4FEB-B1E0-83B6133442A2}.Release|Any CPU.ActiveCfg = Release|Any CPU
		{1E7A891C-E642-4FEB-B1E0-83B6133442A2}.Release|Any CPU.Build.0 = Release|Any CPU
		{2142E76D-B30D-4EF5-98CA-6A7CB7B08CAC}.Debug|Any CPU.ActiveCfg = Debug|Any CPU
		{2142E76D-B30D-4EF5-98CA-6A7CB7B08CAC}.Debug|Any CPU.Build.0 = Debug|Any CPU
		{2142E76D-B30D-4EF5-98CA-6A7CB7B08CAC}.Release|Any CPU.ActiveCfg = Release|Any CPU
		{2142E76D-B30D-4EF5-98CA-6A7CB7B08CAC}.Release|Any CPU.Build.0 = Release|Any CPU
		{3E67B7B3-A250-4336-9AF6-A9893C1F60D5}.Debug|Any CPU.ActiveCfg = Debug|Any CPU
		{3E67B7B3-A250-4336-9AF6-A9893C1F60D5}.Debug|Any CPU.Build.0 = Debug|Any CPU
		{3E67B7B3-A250-4336-9AF6-A9893C1F60D5}.Release|Any CPU.ActiveCfg = Release|Any CPU
		{3E67B7B3-A250-4336-9AF6-A9893C1F60D5}.Release|Any CPU.Build.0 = Release|Any CPU
	EndGlobalSection
	GlobalSection(SolutionProperties) = preSolution
		HideSolutionNode = FALSE
	EndGlobalSection
	GlobalSection(ExtensibilityGlobals) = postSolution
		SolutionGuid = {F8611722-1C77-4E3C-9E1C-DCB42C4C7254}
	EndGlobalSection
EndGlobal
